<?xml version="1.0" encoding="utf-8"?>
<Project ToolsVersion="4.0" xmlns="http://schemas.microsoft.com/developer/msbuild/2003">
  <ItemGroup>
    <Filter Include="Pliki źródłowe">
      <UniqueIdentifier>{4FC737F1-C7A5-4376-A066-2A32D752A2FF}</UniqueIdentifier>
      <Extensions>cpp;c;cc;cxx;c++;cppm;ixx;def;odl;idl;hpj;bat;asm;asmx</Extensions>
    </Filter>
    <Filter Include="Pliki nagłówkowe">
      <UniqueIdentifier>{93995380-89BD-4b04-88EB-625FBE52EBFB}</UniqueIdentifier>
      <Extensions>h;hh;hpp;hxx;h++;hm;inl;inc;ipp;xsd</Extensions>
    </Filter>
    <Filter Include="Pliki zasobów">
      <UniqueIdentifier>{67DA6AB6-F800-4c08-8B7A-83BB121AAD01}</UniqueIdentifier>
      <Extensions>rc;ico;cur;bmp;dlg;rc2;rct;bin;rgs;gif;jpg;jpeg;jpe;resx;tiff;tif;png;wav;mfcribbon-ms</Extensions>
    </Filter>
    <Filter Include="src">
      <UniqueIdentifier>{f950c2ac-d036-4205-9d9f-7b3bbb565f29}</UniqueIdentifier>
    </Filter>
    <Filter Include="shaders">
      <UniqueIdentifier>{e9135cdc-d9b8-4372-b4e3-1ea162d1404d}</UniqueIdentifier>
    </Filter>
    <Filter Include="textures">
      <UniqueIdentifier>{18660edc-e58a-4c25-9ca7-7fc9498050af}</UniqueIdentifier>
    </Filter>
    <Filter Include="lib">
      <UniqueIdentifier>{c2b95803-2c4f-4b57-889f-df560b1ef5c0}</UniqueIdentifier>
    </Filter>
  </ItemGroup>
  <ItemGroup>
    <Text Include="CMakeList.txt" />
  </ItemGroup>
  <ItemGroup>
    <ClCompile Include="main.cpp">
      <Filter>src</Filter>
    </ClCompile>
    <ClCompile Include="glad.c">
      <Filter>lib</Filter>
    </ClCompile>
    <ClCompile Include="imgui.cpp">
      <Filter>lib</Filter>
    </ClCompile>
    <ClCompile Include="imgui_draw.cpp">
      <Filter>lib</Filter>
    </ClCompile>
    <ClCompile Include="imgui_impl_glfw.cpp">
      <Filter>lib</Filter>
    </ClCompile>
    <ClCompile Include="imgui_impl_opengl3.cpp">
      <Filter>lib</Filter>
    </ClCompile>
    <ClCompile Include="imgui_tables.cpp">
      <Filter>lib</Filter>
    </ClCompile>
    <ClCompile Include="TextureLoader.cpp">
      <Filter>src</Filter>
    </ClCompile>
    <ClCompile Include="SolarSystem.cpp">
      <Filter>src</Filter>
    </ClCompile>
    <ClCompile Include="..\..\..\..\Downloads\imgui_widgets.cpp">
      <Filter>lib</Filter>
    </ClCompile>
  </ItemGroup>
  <ItemGroup>
    <ClInclude Include="Camera.h">
      <Filter>src</Filter>
    </ClInclude>
    <ClInclude Include="Shader.h">
      <Filter>src</Filter>
    </ClInclude>
    <ClInclude Include="Mesh.h">
      <Filter>src</Filter>
    </ClInclude>
    <ClInclude Include="Body.h">
      <Filter>src</Filter>
    </ClInclude>
    <ClInclude Include="glad.h">
      <Filter>lib</Filter>
    </ClInclude>
    <ClInclude Include="stb_image.h">
      <Filter>lib</Filter>
    </ClInclude>
    <ClInclude Include="TextureLoader.h">
      <Filter>src</Filter>
    </ClInclude>
    <ClInclude Include="SolarSystem.h">
      <Filter>src</Filter>
    </ClInclude>
    <ClInclude Include="glfw3.h">
      <Filter>lib</Filter>
    </ClInclude>
    <ClInclude Include="resource.h">
      <Filter>Pliki nagłówkowe</Filter>
    </ClInclude>
    <ClInclude Include="resource1.h">
      <Filter>Pliki nagłówkowe</Filter>
    </ClInclude>
  </ItemGroup>
  <ItemGroup>
    <None Include="planet.vert">
      <Filter>shaders</Filter>
    </None>
    <None Include="planet.frag">
      <Filter>shaders</Filter>
    </None>
    <None Include="orbit.vert">
      <Filter>shaders</Filter>
    </None>
    <None Include="orbit.frag">
      <Filter>shaders</Filter>
    </None>
    <None Include="ring.frag">
      <Filter>shaders</Filter>
    </None>
    <None Include="ring.vert">
      <Filter>shaders</Filter>
    </None>
  </ItemGroup>
  <ItemGroup>
    <Image Include="earth.jpg">
      <Filter>textures</Filter>
    </Image>
    <Image Include="earth_night.jpg">
      <Filter>textures</Filter>
    </Image>
    <Image Include="sun.jpg">
      <Filter>textures</Filter>
    </Image>
    <Image Include="milkway.jpg">
      <Filter>textures</Filter>
    </Image>
    <Image Include="moon.jpg">
      <Filter>textures</Filter>
    </Image>
    <Image Include="saturn_ring.png">
      <Filter>textures</Filter>
    </Image>
    <Image Include="saturn.jpg">
      <Filter>textures</Filter>
    </Image>
    <Image Include="..\..\..\..\Desktop\jupiter.jpg">
      <Filter>textures</Filter>
    </Image>
    <Image Include="..\..\..\..\Desktop\mars.jpg">
      <Filter>textures</Filter>
    </Image>
    <Image Include="..\..\..\..\Desktop\mercury.jpg">
      <Filter>textures</Filter>
    </Image>
    <Image Include="..\..\..\..\Desktop\venus.jpg">
      <Filter>textures</Filter>
    </Image>
    <Image Include="..\..\..\..\Desktop\neptune.jpg">
      <Filter>textures</Filter>
    </Image>
    <Image Include="..\..\..\..\Desktop\uranus.jpg">
      <Filter>textures</Filter>
    </Image>
    <Image Include="..\..\..\..\Downloads\plutomap2k.jpg">
      <Filter>textures</Filter>
    </Image>
  </ItemGroup>
  <ItemGroup>
    <ResourceCompile Include="Projekt1.rc">
      <Filter>Pliki zasobów</Filter>
    </ResourceCompile>
  </ItemGroup>
</Project>